
Microsoft Visual Studio Solution File, Format Version 12.00
# Visual Studio Version 17
VisualStudioVersion = 17.7.34031.279
MinimumVisualStudioVersion = 10.0.40219.1
Project("{FAE04EC0-301F-11D3-BF4B-00C04F79EFBC}") = "Order.API", "Order.API\Order.API.csproj", "{8EF30573-BE52-444A-A493-A68C4339848A}"
EndProject
Project("{FAE04EC0-301F-11D3-BF4B-00C04F79EFBC}") = "Payment.API", "Payment.API\Payment.API.csproj", "{D0C74E15-2988-432E-B0F3-B9E72DD6E481}"
EndProject
Project("{FAE04EC0-301F-11D3-BF4B-00C04F79EFBC}") = "Stock.API", "Stock.API\Stock.API.csproj", "{9592CED7-9C68-4A63-93B5-BBB7180116D9}"
EndProject
Global
	GlobalSection(SolutionConfigurationPlatforms) = preSolution
		Debug|Any CPU = Debug|Any CPU
		Release|Any CPU = Release|Any CPU
	EndGlobalSection
	GlobalSection(ProjectConfigurationPlatforms) = postSolution
		{8EF30573-BE52-444A-A493-A68C4339848A}.Debug|Any CPU.ActiveCfg = Debug|Any CPU
		{8EF30573-BE52-444A-A493-A68C4339848A}.Debug|Any CPU.Build.0 = Debug|Any CPU
		{8EF30573-BE52-444A-A493-A68C4339848A}.Release|Any CPU.ActiveCfg = Release|Any CPU
		{8EF30573-BE52-444A-A493-A68C4339848A}.Release|Any CPU.Build.0 = Release|Any CPU
		{D0C74E15-2988-432E-B0F3-B9E72DD6E481}.Debug|Any CPU.ActiveCfg = Debug|Any CPU
		{D0C74E15-2988-432E-B0F3-B9E72DD6E481}.Debug|Any CPU.Build.0 = Debug|Any CPU
		{D0C74E15-2988-432E-B0F3-B9E72DD6E481}.Release|Any CPU.ActiveCfg = Release|Any CPU
		{D0C74E15-2988-432E-B0F3-B9E72DD6E481}.Release|Any CPU.Build.0 = Release|Any CPU
		{9592CED7-9C68-4A63-93B5-BBB7180116D9}.Debug|Any CPU.ActiveCfg = Debug|Any CPU
		{9592CED7-9C68-4A63-93B5-BBB7180116D9}.Debug|Any CPU.Build.0 = Debug|Any CPU
		{9592CED7-9C68-4A63-93B5-BBB7180116D9}.Release|Any CPU.ActiveCfg = Release|Any CPU
		{9592CED7-9C68-4A63-93B5-BBB7180116D9}.Release|Any CPU.Build.0 = Release|Any CPU
	EndGlobalSection
	GlobalSection(SolutionProperties) = preSolution
		HideSolutionNode = FALSE
	EndGlobalSection
	GlobalSection(ExtensibilityGlobals) = postSolution
		SolutionGuid = {42864E3D-3AA3-4DF5-886E-310258C316C1}
	EndGlobalSection
EndGlobal
